
Microsoft Visual Studio Solution File, Format Version 12.00
# Visual Studio Version 17
VisualStudioVersion = 17.7.34003.232
MinimumVisualStudioVersion = 10.0.40219.1
Project("{FAE04EC0-301F-11D3-BF4B-00C04F79EFBC}") = "Practico1", "Practico1\Practico1.csproj", "{D8DACB4B-A525-4B43-A7D4-E9A157E7BD8A}"
EndProject
Project("{FAE04EC0-301F-11D3-BF4B-00C04F79EFBC}") = "Shared", "Shared\Shared.csproj", "{39CF485E-EC13-491B-B582-76AD00CEDF9E}"
EndProject
Project("{FAE04EC0-301F-11D3-BF4B-00C04F79EFBC}") = "DAL_Persona", "DAL_Persona\DAL_Persona.csproj", "{072D30BF-B012-4FD1-8F5F-17C53CF7F8A4}"
EndProject
Project("{FAE04EC0-301F-11D3-BF4B-00C04F79EFBC}") = "IDAL_Persona", "IDAL_Persona\IDAL_Persona.csproj", "{EAC8C916-3947-4E5D-BA6F-B33BD9BEC6C9}"
EndProject
Global
	GlobalSection(SolutionConfigurationPlatforms) = preSolution
		Debug|Any CPU = Debug|Any CPU
		Release|Any CPU = Release|Any CPU
	EndGlobalSection
	GlobalSection(ProjectConfigurationPlatforms) = postSolution
		{D8DACB4B-A525-4B43-A7D4-E9A157E7BD8A}.Debug|Any CPU.ActiveCfg = Debug|Any CPU
		{D8DACB4B-A525-4B43-A7D4-E9A157E7BD8A}.Debug|Any CPU.Build.0 = Debug|Any CPU
		{D8DACB4B-A525-4B43-A7D4-E9A157E7BD8A}.Release|Any CPU.ActiveCfg = Release|Any CPU
		{D8DACB4B-A525-4B43-A7D4-E9A157E7BD8A}.Release|Any CPU.Build.0 = Release|Any CPU
		{39CF485E-EC13-491B-B582-76AD00CEDF9E}.Debug|Any CPU.ActiveCfg = Debug|Any CPU
		{39CF485E-EC13-491B-B582-76AD00CEDF9E}.Debug|Any CPU.Build.0 = Debug|Any CPU
		{39CF485E-EC13-491B-B582-76AD00CEDF9E}.Release|Any CPU.ActiveCfg = Release|Any CPU
		{39CF485E-EC13-491B-B582-76AD00CEDF9E}.Release|Any CPU.Build.0 = Release|Any CPU
		{072D30BF-B012-4FD1-8F5F-17C53CF7F8A4}.Debug|Any CPU.ActiveCfg = Debug|Any CPU
		{072D30BF-B012-4FD1-8F5F-17C53CF7F8A4}.Debug|Any CPU.Build.0 = Debug|Any CPU
		{072D30BF-B012-4FD1-8F5F-17C53CF7F8A4}.Release|Any CPU.ActiveCfg = Release|Any CPU
		{072D30BF-B012-4FD1-8F5F-17C53CF7F8A4}.Release|Any CPU.Build.0 = Release|Any CPU
		{EAC8C916-3947-4E5D-BA6F-B33BD9BEC6C9}.Debug|Any CPU.ActiveCfg = Debug|Any CPU
		{EAC8C916-3947-4E5D-BA6F-B33BD9BEC6C9}.Debug|Any CPU.Build.0 = Debug|Any CPU
		{EAC8C916-3947-4E5D-BA6F-B33BD9BEC6C9}.Release|Any CPU.ActiveCfg = Release|Any CPU
		{EAC8C916-3947-4E5D-BA6F-B33BD9BEC6C9}.Release|Any CPU.Build.0 = Release|Any CPU
	EndGlobalSection
	GlobalSection(SolutionProperties) = preSolution
		HideSolutionNode = FALSE
	EndGlobalSection
	GlobalSection(ExtensibilityGlobals) = postSolution
		SolutionGuid = {DF481D6C-7335-4E94-839D-AFB219CE4E04}
	EndGlobalSection
EndGlobal
